
Microsoft Visual Studio Solution File, Format Version 12.00
Project("{FAE04EC0-301F-11D3-BF4B-00C04F79EFBC}") = "Galaxy.Logging", "Galaxy.Logging\Galaxy.Logging.csproj", "{90B6A136-0211-4BD9-ABFD-58E41E5308AB}"
EndProject
Project("{FAE04EC0-301F-11D3-BF4B-00C04F79EFBC}") = "Galaxy.Monitoring", "Galaxy.Monitoring\Galaxy.Monitoring.csproj", "{04716A3B-4A68-4668-95AE-261ADFAA38C0}"
EndProject
Global
	GlobalSection(SolutionConfigurationPlatforms) = preSolution
		Debug|Any CPU = Debug|Any CPU
		Release|Any CPU = Release|Any CPU
	EndGlobalSection
	GlobalSection(ProjectConfigurationPlatforms) = postSolution
		{90B6A136-0211-4BD9-ABFD-58E41E5308AB}.Debug|Any CPU.ActiveCfg = Debug|Any CPU
		{90B6A136-0211-4BD9-ABFD-58E41E5308AB}.Debug|Any CPU.Build.0 = Debug|Any CPU
		{90B6A136-0211-4BD9-ABFD-58E41E5308AB}.Release|Any CPU.ActiveCfg = Release|Any CPU
		{90B6A136-0211-4BD9-ABFD-58E41E5308AB}.Release|Any CPU.Build.0 = Release|Any CPU
		{04716A3B-4A68-4668-95AE-261ADFAA38C0}.Debug|Any CPU.ActiveCfg = Debug|Any CPU
		{04716A3B-4A68-4668-95AE-261ADFAA38C0}.Debug|Any CPU.Build.0 = Debug|Any CPU
		{04716A3B-4A68-4668-95AE-261ADFAA38C0}.Release|Any CPU.ActiveCfg = Release|Any CPU
		{04716A3B-4A68-4668-95AE-261ADFAA38C0}.Release|Any CPU.Build.0 = Release|Any CPU
	EndGlobalSection
EndGlobal
